// !$*UTF8*$!
{
	archiveVersion = 1;
	classes = {
	};
	objectVersion = 56;
	objects = {

/* Begin PBXBuildFile section */
		128177D92BB3266A00E40AD2 /* AppDelegate.swift in Sources */ = {isa = PBXBuildFile; fileRef = 128177D82BB3266A00E40AD2 /* AppDelegate.swift */; };
		128177DB2BB3266A00E40AD2 /* SceneDelegate.swift in Sources */ = {isa = PBXBuildFile; fileRef = 128177DA2BB3266A00E40AD2 /* SceneDelegate.swift */; };
		128177E22BB3266B00E40AD2 /* Assets.xcassets in Resources */ = {isa = PBXBuildFile; fileRef = 128177E12BB3266B00E40AD2 /* Assets.xcassets */; };
		128177E52BB3266B00E40AD2 /* LaunchScreen.storyboard in Resources */ = {isa = PBXBuildFile; fileRef = 128177E32BB3266B00E40AD2 /* LaunchScreen.storyboard */; };
		FC9B3D872BB4011E00995135 /* MainViewController.swift in Sources */ = {isa = PBXBuildFile; fileRef = FC9B3D862BB4011E00995135 /* MainViewController.swift */; };
		FC9B3D892BB4012900995135 /* MainViewModel.swift in Sources */ = {isa = PBXBuildFile; fileRef = FC9B3D882BB4012900995135 /* MainViewModel.swift */; };
		FC9B3D8B2BB4013300995135 /* MainViewRouter.swift in Sources */ = {isa = PBXBuildFile; fileRef = FC9B3D8A2BB4013300995135 /* MainViewRouter.swift */; };
		FC9B3D8D2BB401B600995135 /* MainViewConfigurator.swift in Sources */ = {isa = PBXBuildFile; fileRef = FC9B3D8C2BB401B600995135 /* MainViewConfigurator.swift */; };
		FC9B3D922BB414C000995135 /* DetailedViewController.swift in Sources */ = {isa = PBXBuildFile; fileRef = FC9B3D912BB414C000995135 /* DetailedViewController.swift */; };
		FC9B3D942BB414D100995135 /* DetailedViewModel.swift in Sources */ = {isa = PBXBuildFile; fileRef = FC9B3D932BB414D100995135 /* DetailedViewModel.swift */; };
		FC9B3D972BB41A2500995135 /* Alamofire in Frameworks */ = {isa = PBXBuildFile; productRef = FC9B3D962BB41A2500995135 /* Alamofire */; };
		FC9B3D992BB41A2500995135 /* AlamofireDynamic in Frameworks */ = {isa = PBXBuildFile; productRef = FC9B3D982BB41A2500995135 /* AlamofireDynamic */; };
		FC9B3D9C2BB41AC400995135 /* SDWebImage in Frameworks */ = {isa = PBXBuildFile; productRef = FC9B3D9B2BB41AC400995135 /* SDWebImage */; };
		FC9B3D9E2BB41AC400995135 /* SDWebImageMapKit in Frameworks */ = {isa = PBXBuildFile; productRef = FC9B3D9D2BB41AC400995135 /* SDWebImageMapKit */; };
		FC9B3DA12BB41B0300995135 /* SnapKit in Frameworks */ = {isa = PBXBuildFile; productRef = FC9B3DA02BB41B0300995135 /* SnapKit */; };
		FC9B3DA32BB41B0300995135 /* SnapKit-Dynamic in Frameworks */ = {isa = PBXBuildFile; productRef = FC9B3DA22BB41B0300995135 /* SnapKit-Dynamic */; };
		FC9B3DA72BB4238B00995135 /* ImagesNetworkService.swift in Sources */ = {isa = PBXBuildFile; fileRef = FC9B3DA62BB4238B00995135 /* ImagesNetworkService.swift */; };
		FC9B3DAB2BB4287000995135 /* ImagesResponseModel.swift in Sources */ = {isa = PBXBuildFile; fileRef = FC9B3DAA2BB4287000995135 /* ImagesResponseModel.swift */; };
		FC9B3DB02BB4691D00995135 /* MainViewCollectionCell.swift in Sources */ = {isa = PBXBuildFile; fileRef = FC9B3DAF2BB4691D00995135 /* MainViewCollectionCell.swift */; };
		FC9B3DB22BB4692B00995135 /* MainViewCollectionDirector.swift in Sources */ = {isa = PBXBuildFile; fileRef = FC9B3DB12BB4692B00995135 /* MainViewCollectionDirector.swift */; };
		FC9B3DB52BB46A0A00995135 /* CollectionType.swift in Sources */ = {isa = PBXBuildFile; fileRef = FC9B3DB42BB46A0A00995135 /* CollectionType.swift */; };
		FC9B3DB82BB46F0000995135 /* Identifiable.swift in Sources */ = {isa = PBXBuildFile; fileRef = FC9B3DB72BB46F0000995135 /* Identifiable.swift */; };
		FC9B3DBB2BB46F3B00995135 /* UICollectionViewCell.swift in Sources */ = {isa = PBXBuildFile; fileRef = FC9B3DBA2BB46F3B00995135 /* UICollectionViewCell.swift */; };
		FC9B3DC12BB4967600995135 /* UIViewController.swift in Sources */ = {isa = PBXBuildFile; fileRef = FC9B3DC02BB4967600995135 /* UIViewController.swift */; };
		FC9B3DCF2BB4ACAA00995135 /* DetailedConfigurator.swift in Sources */ = {isa = PBXBuildFile; fileRef = FC9B3DCE2BB4ACAA00995135 /* DetailedConfigurator.swift */; };
		FC9B3DD22BB5A73E00995135 /* UIImageName.swift in Sources */ = {isa = PBXBuildFile; fileRef = FC9B3DD12BB5A73E00995135 /* UIImageName.swift */; };
		FC9B3DD72BB5C20400995135 /* UIVIew.swift in Sources */ = {isa = PBXBuildFile; fileRef = FC9B3DD62BB5C20400995135 /* UIVIew.swift */; };
		FC9B3DD92BB5DBA200995135 /* UIColor.swift in Sources */ = {isa = PBXBuildFile; fileRef = FC9B3DD82BB5DBA200995135 /* UIColor.swift */; };
/* End PBXBuildFile section */

/* Begin PBXFileReference section */
		128177D52BB3266A00E40AD2 /* testProj.app */ = {isa = PBXFileReference; explicitFileType = wrapper.application; includeInIndex = 0; path = testProj.app; sourceTree = BUILT_PRODUCTS_DIR; };
		128177D82BB3266A00E40AD2 /* AppDelegate.swift */ = {isa = PBXFileReference; lastKnownFileType = sourcecode.swift; path = AppDelegate.swift; sourceTree = "<group>"; };
		128177DA2BB3266A00E40AD2 /* SceneDelegate.swift */ = {isa = PBXFileReference; lastKnownFileType = sourcecode.swift; path = SceneDelegate.swift; sourceTree = "<group>"; };
		128177E12BB3266B00E40AD2 /* Assets.xcassets */ = {isa = PBXFileReference; lastKnownFileType = folder.assetcatalog; path = Assets.xcassets; sourceTree = "<group>"; };
		128177E42BB3266B00E40AD2 /* Base */ = {isa = PBXFileReference; lastKnownFileType = file.storyboard; name = Base; path = Base.lproj/LaunchScreen.storyboard; sourceTree = "<group>"; };
		128177E62BB3266B00E40AD2 /* Info.plist */ = {isa = PBXFileReference; lastKnownFileType = text.plist.xml; path = Info.plist; sourceTree = "<group>"; };
		FC9B3D862BB4011E00995135 /* MainViewController.swift */ = {isa = PBXFileReference; lastKnownFileType = sourcecode.swift; path = MainViewController.swift; sourceTree = "<group>"; };
		FC9B3D882BB4012900995135 /* MainViewModel.swift */ = {isa = PBXFileReference; lastKnownFileType = sourcecode.swift; path = MainViewModel.swift; sourceTree = "<group>"; };
		FC9B3D8A2BB4013300995135 /* MainViewRouter.swift */ = {isa = PBXFileReference; lastKnownFileType = sourcecode.swift; path = MainViewRouter.swift; sourceTree = "<group>"; };
		FC9B3D8C2BB401B600995135 /* MainViewConfigurator.swift */ = {isa = PBXFileReference; lastKnownFileType = sourcecode.swift; path = MainViewConfigurator.swift; sourceTree = "<group>"; };
		FC9B3D912BB414C000995135 /* DetailedViewController.swift */ = {isa = PBXFileReference; lastKnownFileType = sourcecode.swift; path = DetailedViewController.swift; sourceTree = "<group>"; };
		FC9B3D932BB414D100995135 /* DetailedViewModel.swift */ = {isa = PBXFileReference; lastKnownFileType = sourcecode.swift; path = DetailedViewModel.swift; sourceTree = "<group>"; };
		FC9B3DA62BB4238B00995135 /* ImagesNetworkService.swift */ = {isa = PBXFileReference; lastKnownFileType = sourcecode.swift; path = ImagesNetworkService.swift; sourceTree = "<group>"; };
		FC9B3DAA2BB4287000995135 /* ImagesResponseModel.swift */ = {isa = PBXFileReference; lastKnownFileType = sourcecode.swift; path = ImagesResponseModel.swift; sourceTree = "<group>"; };
		FC9B3DAF2BB4691D00995135 /* MainViewCollectionCell.swift */ = {isa = PBXFileReference; lastKnownFileType = sourcecode.swift; path = MainViewCollectionCell.swift; sourceTree = "<group>"; };
		FC9B3DB12BB4692B00995135 /* MainViewCollectionDirector.swift */ = {isa = PBXFileReference; lastKnownFileType = sourcecode.swift; path = MainViewCollectionDirector.swift; sourceTree = "<group>"; };
		FC9B3DB42BB46A0A00995135 /* CollectionType.swift */ = {isa = PBXFileReference; lastKnownFileType = sourcecode.swift; path = CollectionType.swift; sourceTree = "<group>"; };
		FC9B3DB72BB46F0000995135 /* Identifiable.swift */ = {isa = PBXFileReference; lastKnownFileType = sourcecode.swift; path = Identifiable.swift; sourceTree = "<group>"; };
		FC9B3DBA2BB46F3B00995135 /* UICollectionViewCell.swift */ = {isa = PBXFileReference; lastKnownFileType = sourcecode.swift; path = UICollectionViewCell.swift; sourceTree = "<group>"; };
		FC9B3DC02BB4967600995135 /* UIViewController.swift */ = {isa = PBXFileReference; lastKnownFileType = sourcecode.swift; path = UIViewController.swift; sourceTree = "<group>"; };
		FC9B3DCE2BB4ACAA00995135 /* DetailedConfigurator.swift */ = {isa = PBXFileReference; lastKnownFileType = sourcecode.swift; path = DetailedConfigurator.swift; sourceTree = "<group>"; };
		FC9B3DD12BB5A73E00995135 /* UIImageName.swift */ = {isa = PBXFileReference; lastKnownFileType = sourcecode.swift; path = UIImageName.swift; sourceTree = "<group>"; };
		FC9B3DD62BB5C20400995135 /* UIVIew.swift */ = {isa = PBXFileReference; lastKnownFileType = sourcecode.swift; path = UIVIew.swift; sourceTree = "<group>"; };
		FC9B3DD82BB5DBA200995135 /* UIColor.swift */ = {isa = PBXFileReference; lastKnownFileType = sourcecode.swift; path = UIColor.swift; sourceTree = "<group>"; };
/* End PBXFileReference section */

/* Begin PBXFrameworksBuildPhase section */
		128177D22BB3266A00E40AD2 /* Frameworks */ = {
			isa = PBXFrameworksBuildPhase;
			buildActionMask = 2147483647;
			files = (
				FC9B3D9C2BB41AC400995135 /* SDWebImage in Frameworks */,
				FC9B3D972BB41A2500995135 /* Alamofire in Frameworks */,
				FC9B3D9E2BB41AC400995135 /* SDWebImageMapKit in Frameworks */,
				FC9B3D992BB41A2500995135 /* AlamofireDynamic in Frameworks */,
				FC9B3DA12BB41B0300995135 /* SnapKit in Frameworks */,
				FC9B3DA32BB41B0300995135 /* SnapKit-Dynamic in Frameworks */,
			);
			runOnlyForDeploymentPostprocessing = 0;
		};
/* End PBXFrameworksBuildPhase section */

/* Begin PBXGroup section */
		128177CC2BB3266A00E40AD2 = {
			isa = PBXGroup;
			children = (
				128177D72BB3266A00E40AD2 /* testProj */,
				128177D62BB3266A00E40AD2 /* Products */,
			);
			sourceTree = "<group>";
		};
		128177D62BB3266A00E40AD2 /* Products */ = {
			isa = PBXGroup;
			children = (
				128177D52BB3266A00E40AD2 /* testProj.app */,
			);
			name = Products;
			sourceTree = "<group>";
		};
		128177D72BB3266A00E40AD2 /* testProj */ = {
			isa = PBXGroup;
			children = (
				128177E62BB3266B00E40AD2 /* Info.plist */,
				128177E32BB3266B00E40AD2 /* LaunchScreen.storyboard */,
				128177ED2BB3268300E40AD2 /* AppDelegate */,
				128177EE2BB3268A00E40AD2 /* Helpers */,
				FC9B3D842BB400D100995135 /* Screens */,
				FC9B3DA52BB4237600995135 /* Services */,
			);
			path = testProj;
			sourceTree = "<group>";
		};
		128177ED2BB3268300E40AD2 /* AppDelegate */ = {
			isa = PBXGroup;
			children = (
				128177D82BB3266A00E40AD2 /* AppDelegate.swift */,
				128177DA2BB3266A00E40AD2 /* SceneDelegate.swift */,
			);
			path = AppDelegate;
			sourceTree = "<group>";
		};
		128177EE2BB3268A00E40AD2 /* Helpers */ = {
			isa = PBXGroup;
			children = (
				128177F02BB326A400E40AD2 /* Assets */,
				FC9B3DB32BB469FE00995135 /* Enums */,
				FC9B3DB92BB46F2700995135 /* Extensions */,
				FC9B3DB62BB46EF000995135 /* Protocols */,
				FC9B3DD02BB5A72B00995135 /* UIImage */,
			);
			path = Helpers;
			sourceTree = "<group>";
		};
		128177F02BB326A400E40AD2 /* Assets */ = {
			isa = PBXGroup;
			children = (
				128177E12BB3266B00E40AD2 /* Assets.xcassets */,
			);
			path = Assets;
			sourceTree = "<group>";
		};
		FC9B3D842BB400D100995135 /* Screens */ = {
			isa = PBXGroup;
			children = (
				FC9B3D8E2BB4149200995135 /* DetailedViewController */,
				FC9B3D852BB4010700995135 /* MainViewController */,
			);
			path = Screens;
			sourceTree = "<group>";
		};
		FC9B3D852BB4010700995135 /* MainViewController */ = {
			isa = PBXGroup;
			children = (
				FC9B3DAE2BB4690A00995135 /* Cells */,
				FC9B3D862BB4011E00995135 /* MainViewController.swift */,
				FC9B3D882BB4012900995135 /* MainViewModel.swift */,
				FC9B3D8A2BB4013300995135 /* MainViewRouter.swift */,
				FC9B3D8C2BB401B600995135 /* MainViewConfigurator.swift */,
			);
			path = MainViewController;
			sourceTree = "<group>";
		};
		FC9B3D8E2BB4149200995135 /* DetailedViewController */ = {
			isa = PBXGroup;
			children = (
				FC9B3D912BB414C000995135 /* DetailedViewController.swift */,
				FC9B3D932BB414D100995135 /* DetailedViewModel.swift */,
				FC9B3DCE2BB4ACAA00995135 /* DetailedConfigurator.swift */,
			);
			path = DetailedViewController;
			sourceTree = "<group>";
		};
		FC9B3DA52BB4237600995135 /* Services */ = {
			isa = PBXGroup;
			children = (
				FC9B3DA82BB4281E00995135 /* ImagesService */,
			);
			path = Services;
			sourceTree = "<group>";
		};
		FC9B3DA82BB4281E00995135 /* ImagesService */ = {
			isa = PBXGroup;
			children = (
				FC9B3DA92BB4282A00995135 /* Models */,
				FC9B3DA62BB4238B00995135 /* ImagesNetworkService.swift */,
			);
			path = ImagesService;
			sourceTree = "<group>";
		};
		FC9B3DA92BB4282A00995135 /* Models */ = {
			isa = PBXGroup;
			children = (
				FC9B3DAA2BB4287000995135 /* ImagesResponseModel.swift */,
			);
			path = Models;
			sourceTree = "<group>";
		};
		FC9B3DAE2BB4690A00995135 /* Cells */ = {
			isa = PBXGroup;
			children = (
				FC9B3DBC2BB4704500995135 /* MainViewCollectionCell */,
				FC9B3DB12BB4692B00995135 /* MainViewCollectionDirector.swift */,
			);
			path = Cells;
			sourceTree = "<group>";
		};
		FC9B3DB32BB469FE00995135 /* Enums */ = {
			isa = PBXGroup;
			children = (
				FC9B3DB42BB46A0A00995135 /* CollectionType.swift */,
			);
			path = Enums;
			sourceTree = "<group>";
		};
		FC9B3DB62BB46EF000995135 /* Protocols */ = {
			isa = PBXGroup;
			children = (
				FC9B3DB72BB46F0000995135 /* Identifiable.swift */,
			);
			path = Protocols;
			sourceTree = "<group>";
		};
		FC9B3DB92BB46F2700995135 /* Extensions */ = {
			isa = PBXGroup;
			children = (
				FC9B3DBA2BB46F3B00995135 /* UICollectionViewCell.swift */,
				FC9B3DD82BB5DBA200995135 /* UIColor.swift */,
				FC9B3DD62BB5C20400995135 /* UIVIew.swift */,
				FC9B3DC02BB4967600995135 /* UIViewController.swift */,
			);
			path = Extensions;
			sourceTree = "<group>";
		};
		FC9B3DBC2BB4704500995135 /* MainViewCollectionCell */ = {
			isa = PBXGroup;
			children = (
				FC9B3DAF2BB4691D00995135 /* MainViewCollectionCell.swift */,
			);
			path = MainViewCollectionCell;
			sourceTree = "<group>";
		};
		FC9B3DD02BB5A72B00995135 /* UIImage */ = {
			isa = PBXGroup;
			children = (
				FC9B3DD12BB5A73E00995135 /* UIImageName.swift */,
			);
			path = UIImage;
			sourceTree = "<group>";
		};
/* End PBXGroup section */

/* Begin PBXNativeTarget section */
		128177D42BB3266A00E40AD2 /* testProj */ = {
			isa = PBXNativeTarget;
			buildConfigurationList = 128177E92BB3266B00E40AD2 /* Build configuration list for PBXNativeTarget "testProj" */;
			buildPhases = (
				128177D12BB3266A00E40AD2 /* Sources */,
				128177D22BB3266A00E40AD2 /* Frameworks */,
				128177D32BB3266A00E40AD2 /* Resources */,
			);
			buildRules = (
			);
			dependencies = (
			);
			name = testProj;
			packageProductDependencies = (
				FC9B3D962BB41A2500995135 /* Alamofire */,
				FC9B3D982BB41A2500995135 /* AlamofireDynamic */,
				FC9B3D9B2BB41AC400995135 /* SDWebImage */,
				FC9B3D9D2BB41AC400995135 /* SDWebImageMapKit */,
				FC9B3DA02BB41B0300995135 /* SnapKit */,
				FC9B3DA22BB41B0300995135 /* SnapKit-Dynamic */,
			);
			productName = testProj;
			productReference = 128177D52BB3266A00E40AD2 /* testProj.app */;
			productType = "com.apple.product-type.application";
		};
/* End PBXNativeTarget section */

/* Begin PBXProject section */
		128177CD2BB3266A00E40AD2 /* Project object */ = {
			isa = PBXProject;
			attributes = {
				BuildIndependentTargetsInParallel = 1;
				LastSwiftUpdateCheck = 1520;
				LastUpgradeCheck = 1520;
				TargetAttributes = {
					128177D42BB3266A00E40AD2 = {
						CreatedOnToolsVersion = 15.2;
					};
				};
			};
			buildConfigurationList = 128177D02BB3266A00E40AD2 /* Build configuration list for PBXProject "testProj" */;
			compatibilityVersion = "Xcode 14.0";
			developmentRegion = en;
			hasScannedForEncodings = 0;
			knownRegions = (
				en,
				Base,
			);
			mainGroup = 128177CC2BB3266A00E40AD2;
			packageReferences = (
				FC9B3D952BB41A2500995135 /* XCRemoteSwiftPackageReference "Alamofire" */,
				FC9B3D9A2BB41AC400995135 /* XCRemoteSwiftPackageReference "SDWebImage" */,
				FC9B3D9F2BB41B0300995135 /* XCRemoteSwiftPackageReference "SnapKit" */,
			);
			productRefGroup = 128177D62BB3266A00E40AD2 /* Products */;
			projectDirPath = "";
			projectRoot = "";
			targets = (
				128177D42BB3266A00E40AD2 /* testProj */,
			);
		};
/* End PBXProject section */

/* Begin PBXResourcesBuildPhase section */
		128177D32BB3266A00E40AD2 /* Resources */ = {
			isa = PBXResourcesBuildPhase;
			buildActionMask = 2147483647;
			files = (
				128177E52BB3266B00E40AD2 /* LaunchScreen.storyboard in Resources */,
				128177E22BB3266B00E40AD2 /* Assets.xcassets in Resources */,
			);
			runOnlyForDeploymentPostprocessing = 0;
		};
/* End PBXResourcesBuildPhase section */

/* Begin PBXSourcesBuildPhase section */
		128177D12BB3266A00E40AD2 /* Sources */ = {
			isa = PBXSourcesBuildPhase;
			buildActionMask = 2147483647;
			files = (
				FC9B3DA72BB4238B00995135 /* ImagesNetworkService.swift in Sources */,
				FC9B3DB52BB46A0A00995135 /* CollectionType.swift in Sources */,
				FC9B3DB22BB4692B00995135 /* MainViewCollectionDirector.swift in Sources */,
				FC9B3D922BB414C000995135 /* DetailedViewController.swift in Sources */,
				FC9B3DCF2BB4ACAA00995135 /* DetailedConfigurator.swift in Sources */,
				FC9B3DAB2BB4287000995135 /* ImagesResponseModel.swift in Sources */,
				FC9B3DD72BB5C20400995135 /* UIVIew.swift in Sources */,
				FC9B3DB02BB4691D00995135 /* MainViewCollectionCell.swift in Sources */,
				FC9B3DBB2BB46F3B00995135 /* UICollectionViewCell.swift in Sources */,
				FC9B3DD92BB5DBA200995135 /* UIColor.swift in Sources */,
				FC9B3DD22BB5A73E00995135 /* UIImageName.swift in Sources */,
				128177D92BB3266A00E40AD2 /* AppDelegate.swift in Sources */,
				FC9B3D942BB414D100995135 /* DetailedViewModel.swift in Sources */,
				FC9B3DC12BB4967600995135 /* UIViewController.swift in Sources */,
				FC9B3D872BB4011E00995135 /* MainViewController.swift in Sources */,
				FC9B3D8D2BB401B600995135 /* MainViewConfigurator.swift in Sources */,
				FC9B3D8B2BB4013300995135 /* MainViewRouter.swift in Sources */,
				128177DB2BB3266A00E40AD2 /* SceneDelegate.swift in Sources */,
				FC9B3D892BB4012900995135 /* MainViewModel.swift in Sources */,
				FC9B3DB82BB46F0000995135 /* Identifiable.swift in Sources */,
			);
			runOnlyForDeploymentPostprocessing = 0;
		};
/* End PBXSourcesBuildPhase section */

/* Begin PBXVariantGroup section */
		128177E32BB3266B00E40AD2 /* LaunchScreen.storyboard */ = {
			isa = PBXVariantGroup;
			children = (
				128177E42BB3266B00E40AD2 /* Base */,
			);
			name = LaunchScreen.storyboard;
			sourceTree = "<group>";
		};
/* End PBXVariantGroup section */

/* Begin XCBuildConfiguration section */
		128177E72BB3266B00E40AD2 /* Debug */ = {
			isa = XCBuildConfiguration;
			buildSettings = {
				ALWAYS_SEARCH_USER_PATHS = NO;
				ASSETCATALOG_COMPILER_GENERATE_SWIFT_ASSET_SYMBOL_EXTENSIONS = YES;
				CLANG_ANALYZER_NONNULL = YES;
				CLANG_ANALYZER_NUMBER_OBJECT_CONVERSION = YES_AGGRESSIVE;
				CLANG_CXX_LANGUAGE_STANDARD = "gnu++20";
				CLANG_ENABLE_MODULES = YES;
				CLANG_ENABLE_OBJC_ARC = YES;
				CLANG_ENABLE_OBJC_WEAK = YES;
				CLANG_WARN_BLOCK_CAPTURE_AUTORELEASING = YES;
				CLANG_WARN_BOOL_CONVERSION = YES;
				CLANG_WARN_COMMA = YES;
				CLANG_WARN_CONSTANT_CONVERSION = YES;
				CLANG_WARN_DEPRECATED_OBJC_IMPLEMENTATIONS = YES;
				CLANG_WARN_DIRECT_OBJC_ISA_USAGE = YES_ERROR;
				CLANG_WARN_DOCUMENTATION_COMMENTS = YES;
				CLANG_WARN_EMPTY_BODY = YES;
				CLANG_WARN_ENUM_CONVERSION = YES;
				CLANG_WARN_INFINITE_RECURSION = YES;
				CLANG_WARN_INT_CONVERSION = YES;
				CLANG_WARN_NON_LITERAL_NULL_CONVERSION = YES;
				CLANG_WARN_OBJC_IMPLICIT_RETAIN_SELF = YES;
				CLANG_WARN_OBJC_LITERAL_CONVERSION = YES;
				CLANG_WARN_OBJC_ROOT_CLASS = YES_ERROR;
				CLANG_WARN_QUOTED_INCLUDE_IN_FRAMEWORK_HEADER = YES;
				CLANG_WARN_RANGE_LOOP_ANALYSIS = YES;
				CLANG_WARN_STRICT_PROTOTYPES = YES;
				CLANG_WARN_SUSPICIOUS_MOVE = YES;
				CLANG_WARN_UNGUARDED_AVAILABILITY = YES_AGGRESSIVE;
				CLANG_WARN_UNREACHABLE_CODE = YES;
				CLANG_WARN__DUPLICATE_METHOD_MATCH = YES;
				COPY_PHASE_STRIP = NO;
				DEBUG_INFORMATION_FORMAT = dwarf;
				ENABLE_STRICT_OBJC_MSGSEND = YES;
				ENABLE_TESTABILITY = YES;
				ENABLE_USER_SCRIPT_SANDBOXING = YES;
				GCC_C_LANGUAGE_STANDARD = gnu17;
				GCC_DYNAMIC_NO_PIC = NO;
				GCC_NO_COMMON_BLOCKS = YES;
				GCC_OPTIMIZATION_LEVEL = 0;
				GCC_PREPROCESSOR_DEFINITIONS = (
					"DEBUG=1",
					"$(inherited)",
				);
				GCC_WARN_64_TO_32_BIT_CONVERSION = YES;
				GCC_WARN_ABOUT_RETURN_TYPE = YES_ERROR;
				GCC_WARN_UNDECLARED_SELECTOR = YES;
				GCC_WARN_UNINITIALIZED_AUTOS = YES_AGGRESSIVE;
				GCC_WARN_UNUSED_FUNCTION = YES;
				GCC_WARN_UNUSED_VARIABLE = YES;
				IPHONEOS_DEPLOYMENT_TARGET = 15.0;
				LOCALIZATION_PREFERS_STRING_CATALOGS = YES;
				MTL_ENABLE_DEBUG_INFO = INCLUDE_SOURCE;
				MTL_FAST_MATH = YES;
				ONLY_ACTIVE_ARCH = YES;
				SDKROOT = iphoneos;
				SWIFT_ACTIVE_COMPILATION_CONDITIONS = "DEBUG $(inherited)";
				SWIFT_OPTIMIZATION_LEVEL = "-Onone";
			};
			name = Debug;
		};
		128177E82BB3266B00E40AD2 /* Release */ = {
			isa = XCBuildConfiguration;
			buildSettings = {
				ALWAYS_SEARCH_USER_PATHS = NO;
				ASSETCATALOG_COMPILER_GENERATE_SWIFT_ASSET_SYMBOL_EXTENSIONS = YES;
				CLANG_ANALYZER_NONNULL = YES;
				CLANG_ANALYZER_NUMBER_OBJECT_CONVERSION = YES_AGGRESSIVE;
				CLANG_CXX_LANGUAGE_STANDARD = "gnu++20";
				CLANG_ENABLE_MODULES = YES;
				CLANG_ENABLE_OBJC_ARC = YES;
				CLANG_ENABLE_OBJC_WEAK = YES;
				CLANG_WARN_BLOCK_CAPTURE_AUTORELEASING = YES;
				CLANG_WARN_BOOL_CONVERSION = YES;
				CLANG_WARN_COMMA = YES;
				CLANG_WARN_CONSTANT_CONVERSION = YES;
				CLANG_WARN_DEPRECATED_OBJC_IMPLEMENTATIONS = YES;
				CLANG_WARN_DIRECT_OBJC_ISA_USAGE = YES_ERROR;
				CLANG_WARN_DOCUMENTATION_COMMENTS = YES;
				CLANG_WARN_EMPTY_BODY = YES;
				CLANG_WARN_ENUM_CONVERSION = YES;
				CLANG_WARN_INFINITE_RECURSION = YES;
				CLANG_WARN_INT_CONVERSION = YES;
				CLANG_WARN_NON_LITERAL_NULL_CONVERSION = YES;
				CLANG_WARN_OBJC_IMPLICIT_RETAIN_SELF = YES;
				CLANG_WARN_OBJC_LITERAL_CONVERSION = YES;
				CLANG_WARN_OBJC_ROOT_CLASS = YES_ERROR;
				CLANG_WARN_QUOTED_INCLUDE_IN_FRAMEWORK_HEADER = YES;
				CLANG_WARN_RANGE_LOOP_ANALYSIS = YES;
				CLANG_WARN_STRICT_PROTOTYPES = YES;
				CLANG_WARN_SUSPICIOUS_MOVE = YES;
				CLANG_WARN_UNGUARDED_AVAILABILITY = YES_AGGRESSIVE;
				CLANG_WARN_UNREACHABLE_CODE = YES;
				CLANG_WARN__DUPLICATE_METHOD_MATCH = YES;
				COPY_PHASE_STRIP = NO;
				DEBUG_INFORMATION_FORMAT = "dwarf-with-dsym";
				ENABLE_NS_ASSERTIONS = NO;
				ENABLE_STRICT_OBJC_MSGSEND = YES;
				ENABLE_USER_SCRIPT_SANDBOXING = YES;
				GCC_C_LANGUAGE_STANDARD = gnu17;
				GCC_NO_COMMON_BLOCKS = YES;
				GCC_WARN_64_TO_32_BIT_CONVERSION = YES;
				GCC_WARN_ABOUT_RETURN_TYPE = YES_ERROR;
				GCC_WARN_UNDECLARED_SELECTOR = YES;
				GCC_WARN_UNINITIALIZED_AUTOS = YES_AGGRESSIVE;
				GCC_WARN_UNUSED_FUNCTION = YES;
				GCC_WARN_UNUSED_VARIABLE = YES;
				IPHONEOS_DEPLOYMENT_TARGET = 15.0;
				LOCALIZATION_PREFERS_STRING_CATALOGS = YES;
				MTL_ENABLE_DEBUG_INFO = NO;
				MTL_FAST_MATH = YES;
				SDKROOT = iphoneos;
				SWIFT_COMPILATION_MODE = wholemodule;
				VALIDATE_PRODUCT = YES;
			};
			name = Release;
		};
		128177EA2BB3266B00E40AD2 /* Debug */ = {
			isa = XCBuildConfiguration;
			buildSettings = {
				ASSETCATALOG_COMPILER_APPICON_NAME = AppIcon;
				ASSETCATALOG_COMPILER_GLOBAL_ACCENT_COLOR_NAME = AccentColor;
				CODE_SIGN_STYLE = Automatic;
				CURRENT_PROJECT_VERSION = 1;
				GENERATE_INFOPLIST_FILE = YES;
				INFOPLIST_FILE = testProj/Info.plist;
				INFOPLIST_KEY_UIApplicationSupportsIndirectInputEvents = YES;
				INFOPLIST_KEY_UILaunchStoryboardName = LaunchScreen.storyboard;
				INFOPLIST_KEY_UISupportedInterfaceOrientations = UIInterfaceOrientationPortrait;
				INFOPLIST_KEY_UISupportedInterfaceOrientations_iPad = "UIInterfaceOrientationLandscapeLeft UIInterfaceOrientationLandscapeRight UIInterfaceOrientationPortrait UIInterfaceOrientationPortraitUpsideDown";
				LD_RUNPATH_SEARCH_PATHS = (
					"$(inherited)",
					"@executable_path/Frameworks",
				);
				MACOSX_DEPLOYMENT_TARGET = 12.0;
				MARKETING_VERSION = 1.0;
				PRODUCT_BUNDLE_IDENTIFIER = testProj.testProj;
				PRODUCT_NAME = "$(TARGET_NAME)";
				SUPPORTED_PLATFORMS = "iphoneos iphonesimulator";
				SUPPORTS_MACCATALYST = NO;
				SUPPORTS_MAC_DESIGNED_FOR_IPHONE_IPAD = NO;
				SUPPORTS_XR_DESIGNED_FOR_IPHONE_IPAD = NO;
				SWIFT_EMIT_LOC_STRINGS = YES;
				SWIFT_VERSION = 5.0;
				TARGETED_DEVICE_FAMILY = 1;
				TVOS_DEPLOYMENT_TARGET = 15.0;
				WATCHOS_DEPLOYMENT_TARGET = 8.0;
			};
			name = Debug;
		};
		128177EB2BB3266B00E40AD2 /* Release */ = {
			isa = XCBuildConfiguration;
			buildSettings = {
				ASSETCATALOG_COMPILER_APPICON_NAME = AppIcon;
				ASSETCATALOG_COMPILER_GLOBAL_ACCENT_COLOR_NAME = AccentColor;
				CODE_SIGN_STYLE = Automatic;
				CURRENT_PROJECT_VERSION = 1;
				GENERATE_INFOPLIST_FILE = YES;
				INFOPLIST_FILE = testProj/Info.plist;
				INFOPLIST_KEY_UIApplicationSupportsIndirectInputEvents = YES;
				INFOPLIST_KEY_UILaunchStoryboardName = LaunchScreen.storyboard;
				INFOPLIST_KEY_UISupportedInterfaceOrientations = UIInterfaceOrientationPortrait;
				INFOPLIST_KEY_UISupportedInterfaceOrientations_iPad = "UIInterfaceOrientationLandscapeLeft UIInterfaceOrientationLandscapeRight UIInterfaceOrientationPortrait UIInterfaceOrientationPortraitUpsideDown";
				LD_RUNPATH_SEARCH_PATHS = (
					"$(inherited)",
					"@executable_path/Frameworks",
				);
				MACOSX_DEPLOYMENT_TARGET = 12.0;
				MARKETING_VERSION = 1.0;
				PRODUCT_BUNDLE_IDENTIFIER = testProj.testProj;
				PRODUCT_NAME = "$(TARGET_NAME)";
				SUPPORTED_PLATFORMS = "iphoneos iphonesimulator";
				SUPPORTS_MACCATALYST = NO;
				SUPPORTS_MAC_DESIGNED_FOR_IPHONE_IPAD = NO;
				SUPPORTS_XR_DESIGNED_FOR_IPHONE_IPAD = NO;
				SWIFT_EMIT_LOC_STRINGS = YES;
				SWIFT_VERSION = 5.0;
				TARGETED_DEVICE_FAMILY = 1;
				TVOS_DEPLOYMENT_TARGET = 15.0;
				WATCHOS_DEPLOYMENT_TARGET = 8.0;
			};
			name = Release;
		};
/* End XCBuildConfiguration section */

/* Begin XCConfigurationList section */
		128177D02BB3266A00E40AD2 /* Build configuration list for PBXProject "testProj" */ = {
			isa = XCConfigurationList;
			buildConfigurations = (
				128177E72BB3266B00E40AD2 /* Debug */,
				128177E82BB3266B00E40AD2 /* Release */,
			);
			defaultConfigurationIsVisible = 0;
			defaultConfigurationName = Release;
		};
		128177E92BB3266B00E40AD2 /* Build configuration list for PBXNativeTarget "testProj" */ = {
			isa = XCConfigurationList;
			buildConfigurations = (
				128177EA2BB3266B00E40AD2 /* Debug */,
				128177EB2BB3266B00E40AD2 /* Release */,
			);
			defaultConfigurationIsVisible = 0;
			defaultConfigurationName = Release;
		};
/* End XCConfigurationList section */

/* Begin XCRemoteSwiftPackageReference section */
		FC9B3D952BB41A2500995135 /* XCRemoteSwiftPackageReference "Alamofire" */ = {
			isa = XCRemoteSwiftPackageReference;
			repositoryURL = "https://github.com/Alamofire/Alamofire";
			requirement = {
				kind = upToNextMajorVersion;
				minimumVersion = 5.9.0;
			};
		};
		FC9B3D9A2BB41AC400995135 /* XCRemoteSwiftPackageReference "SDWebImage" */ = {
			isa = XCRemoteSwiftPackageReference;
			repositoryURL = "https://github.com/SDWebImage/SDWebImage";
			requirement = {
				kind = upToNextMajorVersion;
				minimumVersion = 5.19.1;
			};
		};
		FC9B3D9F2BB41B0300995135 /* XCRemoteSwiftPackageReference "SnapKit" */ = {
			isa = XCRemoteSwiftPackageReference;
			repositoryURL = "https://github.com/SnapKit/SnapKit";
			requirement = {
				kind = upToNextMajorVersion;
				minimumVersion = 5.7.1;
			};
		};
/* End XCRemoteSwiftPackageReference section */

/* Begin XCSwiftPackageProductDependency section */
		FC9B3D962BB41A2500995135 /* Alamofire */ = {
			isa = XCSwiftPackageProductDependency;
			package = FC9B3D952BB41A2500995135 /* XCRemoteSwiftPackageReference "Alamofire" */;
			productName = Alamofire;
		};
		FC9B3D982BB41A2500995135 /* AlamofireDynamic */ = {
			isa = XCSwiftPackageProductDependency;
			package = FC9B3D952BB41A2500995135 /* XCRemoteSwiftPackageReference "Alamofire" */;
			productName = AlamofireDynamic;
		};
		FC9B3D9B2BB41AC400995135 /* SDWebImage */ = {
			isa = XCSwiftPackageProductDependency;
			package = FC9B3D9A2BB41AC400995135 /* XCRemoteSwiftPackageReference "SDWebImage" */;
			productName = SDWebImage;
		};
		FC9B3D9D2BB41AC400995135 /* SDWebImageMapKit */ = {
			isa = XCSwiftPackageProductDependency;
			package = FC9B3D9A2BB41AC400995135 /* XCRemoteSwiftPackageReference "SDWebImage" */;
			productName = SDWebImageMapKit;
		};
		FC9B3DA02BB41B0300995135 /* SnapKit */ = {
			isa = XCSwiftPackageProductDependency;
			package = FC9B3D9F2BB41B0300995135 /* XCRemoteSwiftPackageReference "SnapKit" */;
			productName = SnapKit;
		};
		FC9B3DA22BB41B0300995135 /* SnapKit-Dynamic */ = {
			isa = XCSwiftPackageProductDependency;
			package = FC9B3D9F2BB41B0300995135 /* XCRemoteSwiftPackageReference "SnapKit" */;
			productName = "SnapKit-Dynamic";
		};
/* End XCSwiftPackageProductDependency section */
	};
	rootObject = 128177CD2BB3266A00E40AD2 /* Project object */;
}
